
Microsoft Visual Studio Solution File, Format Version 12.00
# Visual Studio 15
VisualStudioVersion = 15.0.27428.2037
MinimumVisualStudioVersion = 10.0.40219.1
Project("{FAE04EC0-301F-11D3-BF4B-00C04F79EFBC}") = "Snake", "Snake\Snake.csproj", "{B8EF656A-3D4E-4F39-9551-60B9917B1C89}"
EndProject
Global
	GlobalSection(SolutionConfigurationPlatforms) = preSolution
		Debug|Any CPU = Debug|Any CPU
		Release|Any CPU = Release|Any CPU
	EndGlobalSection
	GlobalSection(ProjectConfigurationPlatforms) = postSolution
		{B8EF656A-3D4E-4F39-9551-60B9917B1C89}.Debug|Any CPU.ActiveCfg = Debug|Any CPU
		{B8EF656A-3D4E-4F39-9551-60B9917B1C89}.Debug|Any CPU.Build.0 = Debug|Any CPU
		{B8EF656A-3D4E-4F39-9551-60B9917B1C89}.Release|Any CPU.ActiveCfg = Release|Any CPU
		{B8EF656A-3D4E-4F39-9551-60B9917B1C89}.Release|Any CPU.Build.0 = Release|Any CPU
	EndGlobalSection
	GlobalSection(SolutionProperties) = preSolution
		HideSolutionNode = FALSE
	EndGlobalSection
	GlobalSection(ExtensibilityGlobals) = postSolution
		SolutionGuid = {EA5A047E-C9F8-47B6-9C50-83C542302387}
	EndGlobalSection
EndGlobal
